{
  "name": "tucanpluskmp",
  "version": "unspecified",
  "lockfileVersion": 3,
  "requires": true,
  "packages": {
    "": {
      "name": "tucanpluskmp",
      "version": "unspecified",
      "workspaces": [
        "packages/tucanpluskmp-composeApp",
        "packages/tucanpluskmp-composeApp-test",
        "packages_imported/skiko-wasm-js/0.9.37-4",
        "packages_imported/skiko-js-wasm-runtime/0.9.37-4",
        "packages_imported/Kotlin-DateTime-library-kotlinx-datetime-wasm-js/0.7.1-0.6.x-compat",
        "packages_imported/ktor-ktor-client-core/3.4.1"
      ],
      "devDependencies": {}
    },
    "../../composeApp/sqlite-web-worker": {
      "name": "@androidx/sqlite-web-worker",
      "version": "0.0.1",
      "license": "APACHE-2.0",
      "dependencies": {
        "@sqlite.org/sqlite-wasm": "^3.50.1-build1"
      }
    },
    "node_modules/@androidx/sqlite-web-worker": {
      "resolved": "../../composeApp/sqlite-web-worker",
      "link": true
    },
    "node_modules/@js-joda/core": {
      "version": "3.2.0",
      "resolved": "https://registry.npmjs.org/@js-joda/core/-/core-3.2.0.tgz",
      "integrity": "sha512-PMqgJ0sw5B7FKb2d5bWYIoxjri+QlW/Pys7+Rw82jSH0QN3rB05jZ/VrrsUdh1w4+i2kw9JOejXGq/KhDOX7Kg==",
      "license": "BSD-3-Clause"
    },
    "node_modules/Kotlin-DateTime-library-kotlinx-datetime-wasm-js": {
      "resolved": "packages_imported/Kotlin-DateTime-library-kotlinx-datetime-wasm-js/0.7.1-0.6.x-compat",
      "link": true
    },
    "node_modules/ktor-ktor-client-core": {
      "resolved": "packages_imported/ktor-ktor-client-core/3.4.1",
      "link": true
    },
    "node_modules/skiko-js-wasm-runtime": {
      "resolved": "packages_imported/skiko-js-wasm-runtime/0.9.37-4",
      "link": true
    },
    "node_modules/skiko-wasm-js": {
      "resolved": "packages_imported/skiko-wasm-js/0.9.37-4",
      "link": true
    },
    "node_modules/tucanpluskmp-composeApp": {
      "resolved": "packages/tucanpluskmp-composeApp",
      "link": true
    },
    "node_modules/tucanpluskmp-composeApp-test": {
      "resolved": "packages/tucanpluskmp-composeApp-test",
      "link": true
    },
    "node_modules/ws": {
      "version": "8.18.3",
      "resolved": "https://registry.npmjs.org/ws/-/ws-8.18.3.tgz",
      "integrity": "sha512-PEIGCY5tSlUt50cqyMXfCzX+oOPqN0vuGqWzbcJ2xvnkzkq46oOpz7dQaTDBdfICb4N14+GARUDw2XV2N4tvzg==",
      "license": "MIT",
      "engines": {
        "node": ">=10.0.0"
      },
      "peerDependencies": {
        "bufferutil": "^4.0.1",
        "utf-8-validate": ">=5.0.2"
      },
      "peerDependenciesMeta": {
        "bufferutil": {
          "optional": true
        },
        "utf-8-validate": {
          "optional": true
        }
      }
    },
    "packages_imported/Kotlin-DateTime-library-kotlinx-datetime-wasm-js/0.7.1-0.6.x-compat": {
      "name": "Kotlin-DateTime-library-kotlinx-datetime-wasm-js",
      "version": "0.7.1-0.6.x-compat",
      "dependencies": {
        "@js-joda/core": "3.2.0"
      },
      "devDependencies": {}
    },
    "packages_imported/ktor-ktor-client-core/3.4.1": {
      "name": "ktor-ktor-client-core",
      "version": "3.4.1",
      "dependencies": {
        "ws": "8.18.3"
      },
      "devDependencies": {}
    },
    "packages_imported/skiko-js-wasm-runtime/0.9.37-4": {
      "name": "skiko-js-wasm-runtime",
      "version": "0.9.37-4",
      "devDependencies": {}
    },
    "packages_imported/skiko-wasm-js/0.9.37-4": {
      "name": "skiko-wasm-js",
      "version": "0.9.37-4",
      "devDependencies": {}
    },
    "packages/tucanpluskmp-composeApp": {
      "version": "0.0.0-unspecified",
      "dependencies": {
        "@androidx/sqlite-web-worker": "file:/home/moritz/IdeaProjects/TUCaN Plus KMP/composeApp/sqlite-web-worker",
        "@js-joda/core": "3.2.0",
        "ws": "8.18.3"
      },
      "devDependencies": {}
    },
    "packages/tucanpluskmp-composeApp-test": {
      "version": "0.0.0-unspecified",
      "dependencies": {
        "@androidx/sqlite-web-worker": "file:/home/moritz/IdeaProjects/TUCaN Plus KMP/composeApp/sqlite-web-worker",
        "@js-joda/core": "3.2.0",
        "ws": "8.18.3"
      },
      "devDependencies": {}
    }
  }
}
